
Microsoft Visual Studio Solution File, Format Version 12.00
# Visual Studio Version 17
VisualStudioVersion = 17.4.33110.190
MinimumVisualStudioVersion = 10.0.40219.1
Project("{9A19103F-16F7-4668-BE54-9A1E7A4F7556}") = "GatewayServer", "GatewayServer.csproj", "{BA3701F5-DFC4-4DEA-86BD-60B02525280A}"
EndProject
Global
	GlobalSection(SolutionConfigurationPlatforms) = preSolution
		Debug|Any CPU = Debug|Any CPU
		Release|Any CPU = Release|Any CPU
	EndGlobalSection
	GlobalSection(ProjectConfigurationPlatforms) = postSolution
		{BA3701F5-DFC4-4DEA-86BD-60B02525280A}.Debug|Any CPU.ActiveCfg = Debug|Any CPU
		{BA3701F5-DFC4-4DEA-86BD-60B02525280A}.Debug|Any CPU.Build.0 = Debug|Any CPU
		{BA3701F5-DFC4-4DEA-86BD-60B02525280A}.Release|Any CPU.ActiveCfg = Release|Any CPU
		{BA3701F5-DFC4-4DEA-86BD-60B02525280A}.Release|Any CPU.Build.0 = Release|Any CPU
	EndGlobalSection
	GlobalSection(SolutionProperties) = preSolution
		HideSolutionNode = FALSE
	EndGlobalSection
	GlobalSection(ExtensibilityGlobals) = postSolution
		SolutionGuid = {80A48B02-0526-438B-B68C-8E74B667D599}
	EndGlobalSection
EndGlobal
